
Microsoft Visual Studio Solution File, Format Version 12.00
# Visual Studio Version 16
VisualStudioVersion = 16.0.32630.194
MinimumVisualStudioVersion = 10.0.40219.1
Project("{8BC9CEB8-8B4A-11D0-8D11-00A0C91BC942}") = "sample", "sample\sample.vcxproj", "{268AA6F2-11C5-47A4-A8B6-202188FA9EDD}"
EndProject
Global
	GlobalSection(SolutionConfigurationPlatforms) = preSolution
		Debug|ARM = Debug|ARM
		Debug|ARM64 = Debug|ARM64
		Debug|x64 = Debug|x64
		Debug|x86 = Debug|x86
		Release|ARM = Release|ARM
		Release|ARM64 = Release|ARM64
		Release|x64 = Release|x64
		Release|x86 = Release|x86
	EndGlobalSection
	GlobalSection(ProjectConfigurationPlatforms) = postSolution
		{268AA6F2-11C5-47A4-A8B6-202188FA9EDD}.Debug|ARM.ActiveCfg = Debug|ARM
		{268AA6F2-11C5-47A4-A8B6-202188FA9EDD}.Debug|ARM.Build.0 = Debug|ARM
		{268AA6F2-11C5-47A4-A8B6-202188FA9EDD}.Debug|ARM.Deploy.0 = Debug|ARM
		{268AA6F2-11C5-47A4-A8B6-202188FA9EDD}.Debug|ARM64.ActiveCfg = Debug|ARM64
		{268AA6F2-11C5-47A4-A8B6-202188FA9EDD}.Debug|ARM64.Build.0 = Debug|ARM64
		{268AA6F2-11C5-47A4-A8B6-202188FA9EDD}.Debug|ARM64.Deploy.0 = Debug|ARM64
		{268AA6F2-11C5-47A4-A8B6-202188FA9EDD}.Debug|x64.ActiveCfg = Debug|x64
		{268AA6F2-11C5-47A4-A8B6-202188FA9EDD}.Debug|x64.Build.0 = Debug|x64
		{268AA6F2-11C5-47A4-A8B6-202188FA9EDD}.Debug|x64.Deploy.0 = Debug|x64
		{268AA6F2-11C5-47A4-A8B6-202188FA9EDD}.Debug|x86.ActiveCfg = Debug|Win32
		{268AA6F2-11C5-47A4-A8B6-202188FA9EDD}.Debug|x86.Build.0 = Debug|Win32
		{268AA6F2-11C5-47A4-A8B6-202188FA9EDD}.Debug|x86.Deploy.0 = Debug|Win32
		{268AA6F2-11C5-47A4-A8B6-202188FA9EDD}.Release|ARM.ActiveCfg = Release|ARM
		{268AA6F2-11C5-47A4-A8B6-202188FA9EDD}.Release|ARM.Build.0 = Release|ARM
		{268AA6F2-11C5-47A4-A8B6-202188FA9EDD}.Release|ARM.Deploy.0 = Release|ARM
		{268AA6F2-11C5-47A4-A8B6-202188FA9EDD}.Release|ARM64.ActiveCfg = Release|ARM64
		{268AA6F2-11C5-47A4-A8B6-202188FA9EDD}.Release|ARM64.Build.0 = Release|ARM64
		{268AA6F2-11C5-47A4-A8B6-202188FA9EDD}.Release|ARM64.Deploy.0 = Release|ARM64
		{268AA6F2-11C5-47A4-A8B6-202188FA9EDD}.Release|x64.ActiveCfg = Release|x64
		{268AA6F2-11C5-47A4-A8B6-202188FA9EDD}.Release|x64.Build.0 = Release|x64
		{268AA6F2-11C5-47A4-A8B6-202188FA9EDD}.Release|x64.Deploy.0 = Release|x64
		{268AA6F2-11C5-47A4-A8B6-202188FA9EDD}.Release|x86.ActiveCfg = Release|Win32
		{268AA6F2-11C5-47A4-A8B6-202188FA9EDD}.Release|x86.Build.0 = Release|Win32
		{268AA6F2-11C5-47A4-A8B6-202188FA9EDD}.Release|x86.Deploy.0 = Release|Win32
	EndGlobalSection
	GlobalSection(SolutionProperties) = preSolution
		HideSolutionNode = FALSE
	EndGlobalSection
	GlobalSection(ExtensibilityGlobals) = postSolution
		SolutionGuid = {C27A6B3D-EC49-4809-9AEC-934541E135C5}
	EndGlobalSection
EndGlobal
